{
    "_readme": [
        "This file locks the dependencies of your project to a known state",
        "Read more about it at https://getcomposer.org/doc/01-basic-usage.md#installing-dependencies",
        "This file is @generated automatically"
    ],
    "content-hash": "cf72d332ee22e4118ee4a70762e55987",
    "packages": [
        {
            "name": "firebase/php-jwt",
            "version": "v5.2.0",
            "source": {
                "type": "git",
                "url": "https://github.com/firebase/php-jwt.git",
                "reference": "feb0e820b8436873675fd3aca04f3728eb2185cb"
            },
            "dist": {
                "type": "zip",
                "url": "https://api.github.com/repos/firebase/php-jwt/zipball/feb0e820b8436873675fd3aca04f3728eb2185cb",
                "reference": "feb0e820b8436873675fd3aca04f3728eb2185cb",
                "shasum": ""
            },
            "require": {
                "php": ">=5.3.0"
            },
            "require-dev": {
                "phpunit/phpunit": ">=4.8 <=9"
            },
            "type": "library",
            "autoload": {
                "psr-4": {
                    "Firebase\\JWT\\": "src"
                }
            },
            "notification-url": "https://packagist.org/downloads/",
            "license": [
                "BSD-3-Clause"
            ],
            "authors": [
                {
                    "name": "Neuman Vong",
                    "email": "neuman+pear@twilio.com",
                    "role": "Developer"
                },
                {
                    "name": "Anant Narayanan",
                    "email": "anant@php.net",
                    "role": "Developer"
                }
            ],
            "description": "A simple library to encode and decode JSON Web Tokens (JWT) in PHP. Should conform to the current spec.",
            "homepage": "https://github.com/firebase/php-jwt",
            "keywords": [
                "jwt",
                "php"
            ],
            "time": "2020-03-25T18:49:23+00:00"
        },
        {
            "name": "massfice/action",
            "version": "v1.1.1",
            "source": {
                "type": "git",
                "url": "https://github.com/Massfice/action.git",
                "reference": "b4361bd728fb66516d867b38768b432f9309a7ee"
            },
            "dist": {
                "type": "zip",
                "url": "https://api.github.com/repos/Massfice/action/zipball/b4361bd728fb66516d867b38768b432f9309a7ee",
                "reference": "b4361bd728fb66516d867b38768b432f9309a7ee",
                "shasum": ""
            },
            "require": {
                "massfice/response-status": "^v1.0"
            },
            "type": "library",
            "autoload": {
                "psr-4": {
                    "Massfice\\Action\\": "src/"
                }
            },
            "notification-url": "https://packagist.org/downloads/",
            "license": [
                "MIT"
            ],
            "authors": [
                {
                    "name": "Massfice",
                    "email": "adrian.marian.tomasz.larysz@gmail.com"
                }
            ],
            "description": "This package contains action interfaces and factiories. This is for my diploma project.",
            "time": "2020-03-01T20:02:42+00:00"
        },
        {
            "name": "massfice/action-executor",
            "version": "v1.0.3",
            "source": {
                "type": "git",
                "url": "https://github.com/Massfice/action-executor.git",
                "reference": "19d8a79bd97c4e47f93587da599c7299977035e3"
            },
            "dist": {
                "type": "zip",
                "url": "https://api.github.com/repos/Massfice/action-executor/zipball/19d8a79bd97c4e47f93587da599c7299977035e3",
                "reference": "19d8a79bd97c4e47f93587da599c7299977035e3",
                "shasum": ""
            },
            "require": {
                "massfice/action": "^v1.0",
                "massfice/response-status": "^v1.0"
            },
            "type": "library",
            "autoload": {
                "psr-4": {
                    "Massfice\\ActionExecutor\\": "src/"
                }
            },
            "notification-url": "https://packagist.org/downloads/",
            "license": [
                "MIT"
            ],
            "authors": [
                {
                    "name": "Massfice",
                    "email": "adrian.marian.tomasz.larysz@gmail.com"
                }
            ],
            "description": "Action executors for my diploma project.",
            "time": "2020-02-20T05:27:01+00:00"
        },
        {
            "name": "massfice/action-manager",
            "version": "v1.0.8",
            "source": {
                "type": "git",
                "url": "https://github.com/Massfice/action-manager.git",
                "reference": "089169074a69f46c8bdd82d87af2953d250dfcb4"
            },
            "dist": {
                "type": "zip",
                "url": "https://api.github.com/repos/Massfice/action-manager/zipball/089169074a69f46c8bdd82d87af2953d250dfcb4",
                "reference": "089169074a69f46c8bdd82d87af2953d250dfcb4",
                "shasum": ""
            },
            "require": {
                "massfice/action": "^v1.0.1",
                "massfice/action-executor": "^v1.0",
                "massfice/response-status": "^v1.0"
            },
            "type": "library",
            "autoload": {
                "psr-4": {
                    "Massfice\\ActionManager\\": "src/"
                }
            },
            "notification-url": "https://packagist.org/downloads/",
            "license": [
                "MIT"
            ],
            "authors": [
                {
                    "name": "Massfice",
                    "email": "adrian.marian.tomasz.larysz@gmail.com"
                }
            ],
            "description": "Managers for my actions and related factory. It is for my diploma project.",
            "time": "2020-03-01T20:11:25+00:00"
        },
        {
            "name": "massfice/application-system",
            "version": "v1.0.9",
            "source": {
                "type": "git",
                "url": "https://github.com/Massfice/application-system.git",
                "reference": "10ad89dbc2809451bccd3d1be6e373bc7825ac6c"
            },
            "dist": {
                "type": "zip",
                "url": "https://api.github.com/repos/Massfice/application-system/zipball/10ad89dbc2809451bccd3d1be6e373bc7825ac6c",
                "reference": "10ad89dbc2809451bccd3d1be6e373bc7825ac6c",
                "shasum": ""
            },
            "require": {
                "massfice/action": "^v1.0",
                "massfice/action-executor": "^v1.0",
                "massfice/action-manager": "^v1.0",
                "massfice/clean-url": "^v1.0",
                "massfice/response-status": "^v1.0",
                "massfice/service": "^v1.0",
                "massfice/view": "^v1.0",
                "smarty/smarty": "^3.1"
            },
            "type": "library",
            "autoload": {
                "psr-4": {
                    "Massfice\\Application\\System\\": "src/"
                }
            },
            "notification-url": "https://packagist.org/downloads/",
            "license": [
                "MIT"
            ],
            "authors": [
                {
                    "name": "Massfice",
                    "email": "adrian.marian.tomasz.larysz@gmail.com"
                }
            ],
            "description": "Core of my application. System application package. It's for my diploma project.",
            "time": "2020-03-11T05:53:25+00:00"
        },
        {
            "name": "massfice/clean-url",
            "version": "v1.0.1",
            "source": {
                "type": "git",
                "url": "https://github.com/Massfice/clean-url.git",
                "reference": "8e91132f30e80cf46660a9af178cf1c463892a89"
            },
            "dist": {
                "type": "zip",
                "url": "https://api.github.com/repos/Massfice/clean-url/zipball/8e91132f30e80cf46660a9af178cf1c463892a89",
                "reference": "8e91132f30e80cf46660a9af178cf1c463892a89",
                "shasum": ""
            },
            "type": "libarary",
            "autoload": {
                "psr-4": {
                    "Massfice\\CleanUrl\\": "src/"
                }
            },
            "notification-url": "https://packagist.org/downloads/",
            "license": [
                "MIT"
            ],
            "authors": [
                {
                    "name": "Massfice",
                    "email": "adrian.marian.tomasz.larysz@gmail.com"
                }
            ],
            "description": "Class that handle clean urls, action, type, etc. To use this class, you have to properly configure .htaccess file. This is for my diploma project.",
            "time": "2020-01-25T20:35:35+00:00"
        },
        {
            "name": "massfice/loader",
            "version": "v1.0.0",
            "source": {
                "type": "git",
                "url": "https://github.com/Massfice/loader.git",
                "reference": "0defcb66a1e4faeeb349ac0ba3f4bad0c1d70536"
            },
            "dist": {
                "type": "zip",
                "url": "https://api.github.com/repos/Massfice/loader/zipball/0defcb66a1e4faeeb349ac0ba3f4bad0c1d70536",
                "reference": "0defcb66a1e4faeeb349ac0ba3f4bad0c1d70536",
                "shasum": ""
            },
            "type": "library",
            "autoload": {
                "psr-4": {
                    "Massfice\\Loader\\": "src/"
                }
            },
            "notification-url": "https://packagist.org/downloads/",
            "license": [
                "MIT"
            ],
            "authors": [
                {
                    "name": "Massfice",
                    "email": "adrian.marian.tomasz.larysz@gmail.com"
                }
            ],
            "description": "Loader package for my diploma project. I'm gonna use it for loading sid and maybe for another purposes too.",
            "time": "2020-02-27T06:34:37+00:00"
        },
        {
            "name": "massfice/response-status",
            "version": "v1.0.4",
            "source": {
                "type": "git",
                "url": "https://github.com/Massfice/response-status.git",
                "reference": "fa010710117a7fa44a2eb39bc24254d875a0c799"
            },
            "dist": {
                "type": "zip",
                "url": "https://api.github.com/repos/Massfice/response-status/zipball/fa010710117a7fa44a2eb39bc24254d875a0c799",
                "reference": "fa010710117a7fa44a2eb39bc24254d875a0c799",
                "shasum": ""
            },
            "type": "library",
            "autoload": {
                "psr-4": {
                    "Massfice\\ResponseStatus\\": "src/"
                }
            },
            "notification-url": "https://packagist.org/downloads/",
            "license": [
                "MIT"
            ],
            "authors": [
                {
                    "name": "Massfice",
                    "email": "adrian.marian.tomasz.larysz@gmail.com"
                }
            ],
            "description": "Package contains response-status class, that contains info about validation status, response http code, errors array, messages, etc. Project for my diploma.",
            "time": "2020-02-20T05:19:53+00:00"
        },
        {
            "name": "massfice/service",
            "version": "v1.0.3",
            "source": {
                "type": "git",
                "url": "https://github.com/Massfice/service.git",
                "reference": "4f0f606be5744ab559c378b112fae85f3cfce424"
            },
            "dist": {
                "type": "zip",
                "url": "https://api.github.com/repos/Massfice/service/zipball/4f0f606be5744ab559c378b112fae85f3cfce424",
                "reference": "4f0f606be5744ab559c378b112fae85f3cfce424",
                "shasum": ""
            },
            "type": "library",
            "autoload": {
                "psr-4": {
                    "Massfice\\Service\\": "src/"
                }
            },
            "notification-url": "https://packagist.org/downloads/",
            "license": [
                "MIT"
            ],
            "authors": [
                {
                    "name": "Massfice",
                    "email": "adrian.marian.tomasz.larysz@gmail.com"
                }
            ],
            "description": "Services package for my diploma project.",
            "time": "2020-02-19T05:52:46+00:00"
        },
        {
            "name": "massfice/smart",
            "version": "v1.0.1",
            "source": {
                "type": "git",
                "url": "https://github.com/Massfice/smart.git",
                "reference": "ff01c6848d3ceeb1de3ee2a51bc5e027ee0445c9"
            },
            "dist": {
                "type": "zip",
                "url": "https://api.github.com/repos/Massfice/smart/zipball/ff01c6848d3ceeb1de3ee2a51bc5e027ee0445c9",
                "reference": "ff01c6848d3ceeb1de3ee2a51bc5e027ee0445c9",
                "shasum": ""
            },
            "type": "library",
            "autoload": {
                "psr-4": {
                    "Massfice\\Smart\\": "src/"
                }
            },
            "notification-url": "https://packagist.org/downloads/",
            "license": [
                "MIT"
            ],
            "authors": [
                {
                    "name": "Massfice",
                    "email": "adrian.marian.tomasz.larysz@gmail.com"
                }
            ],
            "description": "Package that makes everything smarter. It's for my project diploma.",
            "time": "2020-02-02T10:21:35+00:00"
        },
        {
            "name": "massfice/view",
            "version": "v1.0.0",
            "source": {
                "type": "git",
                "url": "https://github.com/Massfice/view.git",
                "reference": "e0972658068d8acd7c253026b9ad46cded4450ae"
            },
            "dist": {
                "type": "zip",
                "url": "https://api.github.com/repos/Massfice/view/zipball/e0972658068d8acd7c253026b9ad46cded4450ae",
                "reference": "e0972658068d8acd7c253026b9ad46cded4450ae",
                "shasum": ""
            },
            "require": {
                "smarty/smarty": "^3.1"
            },
            "type": "library",
            "autoload": {
                "psr-4": {
                    "Massfice\\View\\": "src/"
                }
            },
            "notification-url": "https://packagist.org/downloads/",
            "license": [
                "MIT"
            ],
            "authors": [
                {
                    "name": "Massfice",
                    "email": "adrian.marian.tomasz.larysz@gmail.com"
                }
            ],
            "description": "Wrapper for Smarty library. It's for my diploma project.",
            "time": "2020-01-25T21:12:12+00:00"
        },
        {
            "name": "predis/predis",
            "version": "v1.1.1",
            "source": {
                "type": "git",
                "url": "https://github.com/predis/predis.git",
                "reference": "f0210e38881631afeafb56ab43405a92cafd9fd1"
            },
            "dist": {
                "type": "zip",
                "url": "https://api.github.com/repos/predis/predis/zipball/f0210e38881631afeafb56ab43405a92cafd9fd1",
                "reference": "f0210e38881631afeafb56ab43405a92cafd9fd1",
                "shasum": ""
            },
            "require": {
                "php": ">=5.3.9"
            },
            "require-dev": {
                "phpunit/phpunit": "~4.8"
            },
            "suggest": {
                "ext-curl": "Allows access to Webdis when paired with phpiredis",
                "ext-phpiredis": "Allows faster serialization and deserialization of the Redis protocol"
            },
            "type": "library",
            "autoload": {
                "psr-4": {
                    "Predis\\": "src/"
                }
            },
            "notification-url": "https://packagist.org/downloads/",
            "license": [
                "MIT"
            ],
            "authors": [
                {
                    "name": "Daniele Alessandri",
                    "email": "suppakilla@gmail.com",
                    "homepage": "http://clorophilla.net"
                }
            ],
            "description": "Flexible and feature-complete Redis client for PHP and HHVM",
            "homepage": "http://github.com/nrk/predis",
            "keywords": [
                "nosql",
                "predis",
                "redis"
            ],
            "funding": [
                {
                    "url": "https://www.paypal.me/tillkruss",
                    "type": "custom"
                },
                {
                    "url": "https://github.com/tillkruss",
                    "type": "github"
                }
            ],
            "time": "2016-06-16T16:22:20+00:00"
        },
        {
            "name": "smarty/smarty",
            "version": "v3.1.39",
            "source": {
                "type": "git",
                "url": "https://github.com/smarty-php/smarty.git",
                "reference": "e27da524f7bcd7361e3ea5cdfa99c4378a7b5419"
            },
            "dist": {
                "type": "zip",
                "url": "https://api.github.com/repos/smarty-php/smarty/zipball/e27da524f7bcd7361e3ea5cdfa99c4378a7b5419",
                "reference": "e27da524f7bcd7361e3ea5cdfa99c4378a7b5419",
                "shasum": ""
            },
            "require": {
                "php": ">=5.2"
            },
            "require-dev": {
                "phpunit/phpunit": "^7.5 || ^6.5 || ^5.7 || ^4.8",
                "smarty/smarty-lexer": "^3.1"
            },
            "type": "library",
            "extra": {
                "branch-alias": {
                    "dev-master": "3.1.x-dev"
                }
            },
            "autoload": {
                "classmap": [
                    "libs/"
                ]
            },
            "notification-url": "https://packagist.org/downloads/",
            "license": [
                "LGPL-3.0"
            ],
            "authors": [
                {
                    "name": "Monte Ohrt",
                    "email": "monte@ohrt.com"
                },
                {
                    "name": "Uwe Tews",
                    "email": "uwe.tews@googlemail.com"
                },
                {
                    "name": "Rodney Rehm",
                    "email": "rodney.rehm@medialize.de"
                }
            ],
            "description": "Smarty - the compiling PHP template engine",
            "homepage": "http://www.smarty.net",
            "keywords": [
                "templating"
            ],
            "time": "2021-02-17T21:57:51+00:00"
        }
    ],
    "packages-dev": [],
    "aliases": [],
    "minimum-stability": "stable",
    "stability-flags": [],
    "prefer-stable": false,
    "prefer-lowest": false,
    "platform": [],
    "platform-dev": [],
    "plugin-api-version": "1.1.0"
}
